
Microsoft Visual Studio Solution File, Format Version 12.00
# Visual Studio 14
VisualStudioVersion = 14.0.25123.0
MinimumVisualStudioVersion = 10.0.40219.1
Project("{FAE04EC0-301F-11D3-BF4B-00C04F79EFBC}") = "DotNetLiguria.Web", "DotNetLiguria.Web\DotNetLiguria.Web.csproj", "{FFD98600-A376-4133-B4D0-A930E2D7DEE2}"
EndProject
Project("{FAE04EC0-301F-11D3-BF4B-00C04F79EFBC}") = "DotNetLiguria.Web.RssEngine", "DotNetLiguria.Web.RssEngine\DotNetLiguria.Web.RssEngine.csproj", "{7D2FA177-8C66-4D28-9AC5-D6EC9683BA9A}"
EndProject
Project("{FAE04EC0-301F-11D3-BF4B-00C04F79EFBC}") = "DotNetLiguria.Models", "DotNetLiguria.Web.Models\DotNetLiguria.Models.csproj", "{C5D8F7B1-B945-4CD2-936C-F300DB5453EB}"
EndProject
Project("{2150E333-8FDC-42A3-9474-1A3956D46DE8}") = ".nuget", ".nuget", "{1436F25C-EA90-4331-94B5-0821F03C9125}"
	ProjectSection(SolutionItems) = preProject
		.nuget\NuGet.Config = .nuget\NuGet.Config
		.nuget\NuGet.exe = .nuget\NuGet.exe
		.nuget\NuGet.targets = .nuget\NuGet.targets
	EndProjectSection
EndProject
Project("{E24C65DC-7377-472B-9ABA-BC803B73C61A}") = "HTML", "http://localhost:58744", "{43B17F07-13DA-47B0-BAF3-9BC5311DFF87}"
	ProjectSection(WebsiteProperties) = preProject
		SccProjectName = "SAK"
		SccAuxPath = "SAK"
		SccLocalPath = "SAK"
		SccProvider = "SAK"
		UseIISExpress = "true"
		TargetFrameworkMoniker = ".NETFramework,Version%3Dv4.0"
		Debug.AspNetCompiler.VirtualPath = "/localhost_58744"
		Debug.AspNetCompiler.PhysicalPath = "Unify-v1.7\HTML\"
		Debug.AspNetCompiler.TargetPath = "PrecompiledWeb\localhost_58744\"
		Debug.AspNetCompiler.Updateable = "true"
		Debug.AspNetCompiler.ForceOverwrite = "true"
		Debug.AspNetCompiler.FixedNames = "false"
		Debug.AspNetCompiler.Debug = "True"
		Release.AspNetCompiler.VirtualPath = "/localhost_58744"
		Release.AspNetCompiler.PhysicalPath = "Unify-v1.7\HTML\"
		Release.AspNetCompiler.TargetPath = "PrecompiledWeb\localhost_58744\"
		Release.AspNetCompiler.Updateable = "true"
		Release.AspNetCompiler.ForceOverwrite = "true"
		Release.AspNetCompiler.FixedNames = "false"
		Release.AspNetCompiler.Debug = "False"
		SlnRelativePath = "Unify-v1.7\HTML\"
	EndProjectSection
EndProject
Project("{FAE04EC0-301F-11D3-BF4B-00C04F79EFBC}") = "DotNetLiguria.Repository", "DotNetLiguria.Repository\DotNetLiguria.Repository.csproj", "{22968895-6330-4CE9-86EF-A2CCDFC30AFA}"
EndProject
Project("{FAE04EC0-301F-11D3-BF4B-00C04F79EFBC}") = "DotNetLiguria.BLL", "DotNetLiguria.BLL\DotNetLiguria.BLL.csproj", "{8FA1F1D2-3DF1-4A0E-9C0B-80C3EBAB2E6D}"
EndProject
Project("{FAE04EC0-301F-11D3-BF4B-00C04F79EFBC}") = "DotNetLiguria.ViewModels", "DotNetLiguria.ViewModels\DotNetLiguria.ViewModels.csproj", "{42BD9514-04F9-4E46-9F78-C0CCAE402B56}"
EndProject
Global
	GlobalSection(SolutionConfigurationPlatforms) = preSolution
		Debug|Any CPU = Debug|Any CPU
		Release|Any CPU = Release|Any CPU
	EndGlobalSection
	GlobalSection(ProjectConfigurationPlatforms) = postSolution
		{FFD98600-A376-4133-B4D0-A930E2D7DEE2}.Debug|Any CPU.ActiveCfg = Debug|Any CPU
		{FFD98600-A376-4133-B4D0-A930E2D7DEE2}.Debug|Any CPU.Build.0 = Debug|Any CPU
		{FFD98600-A376-4133-B4D0-A930E2D7DEE2}.Release|Any CPU.ActiveCfg = Release|Any CPU
		{FFD98600-A376-4133-B4D0-A930E2D7DEE2}.Release|Any CPU.Build.0 = Release|Any CPU
		{7D2FA177-8C66-4D28-9AC5-D6EC9683BA9A}.Debug|Any CPU.ActiveCfg = Debug|Any CPU
		{7D2FA177-8C66-4D28-9AC5-D6EC9683BA9A}.Debug|Any CPU.Build.0 = Debug|Any CPU
		{7D2FA177-8C66-4D28-9AC5-D6EC9683BA9A}.Release|Any CPU.ActiveCfg = Release|Any CPU
		{7D2FA177-8C66-4D28-9AC5-D6EC9683BA9A}.Release|Any CPU.Build.0 = Release|Any CPU
		{C5D8F7B1-B945-4CD2-936C-F300DB5453EB}.Debug|Any CPU.ActiveCfg = Debug|Any CPU
		{C5D8F7B1-B945-4CD2-936C-F300DB5453EB}.Debug|Any CPU.Build.0 = Debug|Any CPU
		{C5D8F7B1-B945-4CD2-936C-F300DB5453EB}.Release|Any CPU.ActiveCfg = Release|Any CPU
		{C5D8F7B1-B945-4CD2-936C-F300DB5453EB}.Release|Any CPU.Build.0 = Release|Any CPU
		{43B17F07-13DA-47B0-BAF3-9BC5311DFF87}.Debug|Any CPU.ActiveCfg = Debug|Any CPU
		{43B17F07-13DA-47B0-BAF3-9BC5311DFF87}.Debug|Any CPU.Build.0 = Debug|Any CPU
		{43B17F07-13DA-47B0-BAF3-9BC5311DFF87}.Release|Any CPU.ActiveCfg = Debug|Any CPU
		{43B17F07-13DA-47B0-BAF3-9BC5311DFF87}.Release|Any CPU.Build.0 = Debug|Any CPU
		{22968895-6330-4CE9-86EF-A2CCDFC30AFA}.Debug|Any CPU.ActiveCfg = Debug|Any CPU
		{22968895-6330-4CE9-86EF-A2CCDFC30AFA}.Debug|Any CPU.Build.0 = Debug|Any CPU
		{22968895-6330-4CE9-86EF-A2CCDFC30AFA}.Release|Any CPU.ActiveCfg = Release|Any CPU
		{22968895-6330-4CE9-86EF-A2CCDFC30AFA}.Release|Any CPU.Build.0 = Release|Any CPU
		{8FA1F1D2-3DF1-4A0E-9C0B-80C3EBAB2E6D}.Debug|Any CPU.ActiveCfg = Debug|Any CPU
		{8FA1F1D2-3DF1-4A0E-9C0B-80C3EBAB2E6D}.Debug|Any CPU.Build.0 = Debug|Any CPU
		{8FA1F1D2-3DF1-4A0E-9C0B-80C3EBAB2E6D}.Release|Any CPU.ActiveCfg = Release|Any CPU
		{8FA1F1D2-3DF1-4A0E-9C0B-80C3EBAB2E6D}.Release|Any CPU.Build.0 = Release|Any CPU
		{42BD9514-04F9-4E46-9F78-C0CCAE402B56}.Debug|Any CPU.ActiveCfg = Debug|Any CPU
		{42BD9514-04F9-4E46-9F78-C0CCAE402B56}.Debug|Any CPU.Build.0 = Debug|Any CPU
		{42BD9514-04F9-4E46-9F78-C0CCAE402B56}.Release|Any CPU.ActiveCfg = Release|Any CPU
		{42BD9514-04F9-4E46-9F78-C0CCAE402B56}.Release|Any CPU.Build.0 = Release|Any CPU
	EndGlobalSection
	GlobalSection(SolutionProperties) = preSolution
		HideSolutionNode = FALSE
	EndGlobalSection
	GlobalSection(TeamFoundationVersionControl) = preSolution
		SccNumberOfProjects = 8
		SccEnterpriseProvider = {4CA58AB2-18FA-4F8D-95D4-32DDF27D184C}
		SccTeamFoundationServer = https://dotnetliguria.visualstudio.com/defaultcollection
		SccLocalPath0 = .
		SccProjectUniqueName1 = DotNetLiguria.Web\\DotNetLiguria.Web.csproj
		SccProjectName1 = DotNetLiguria.Web
		SccLocalPath1 = DotNetLiguria.Web
		SccProjectUniqueName2 = DotNetLiguria.Web.RssEngine\\DotNetLiguria.Web.RssEngine.csproj
		SccProjectName2 = DotNetLiguria.Web.RssEngine
		SccLocalPath2 = DotNetLiguria.Web.RssEngine
		SccWebProject3 = true
		SccProjectUniqueName3 = http://localhost:58744
		SccProjectName3 = Unify-v1.7/HTML
		SccLocalPath3 = Unify-v1.7\\HTML
		SccProjectEnlistmentChoice3 = 2
		SccProjectUniqueName4 = DotNetLiguria.Repository\\DotNetLiguria.Repository.csproj
		SccProjectName4 = DotNetLiguria.Repository
		SccLocalPath4 = DotNetLiguria.Repository
		SccProjectUniqueName5 = DotNetLiguria.BLL\\DotNetLiguria.BLL.csproj
		SccProjectName5 = DotNetLiguria.BLL
		SccLocalPath5 = DotNetLiguria.BLL
		SccProjectUniqueName6 = DotNetLiguria.Web.Models\\DotNetLiguria.Models.csproj
		SccProjectName6 = DotNetLiguria.Web.Models
		SccLocalPath6 = DotNetLiguria.Web.Models
		SccProjectUniqueName7 = DotNetLiguria.ViewModels\\DotNetLiguria.ViewModels.csproj
		SccProjectName7 = DotNetLiguria.ViewModels
		SccLocalPath7 = DotNetLiguria.ViewModels
	EndGlobalSection
EndGlobal
