
Microsoft Visual Studio Solution File, Format Version 12.00
# Visual Studio Version 17
VisualStudioVersion = 17.6.33417.168
MinimumVisualStudioVersion = 10.0.40219.1
Project("{FAE04EC0-301F-11D3-BF4B-00C04F79EFBC}") = "DotNetLiguriaCore", "DotNetLiguriaCore\DotNetLiguriaCore.csproj", "{A99585B4-F0B9-48AE-9A9E-26159876F2B9}"
EndProject
Project("{FAE04EC0-301F-11D3-BF4B-00C04F79EFBC}") = "CommonAuth", "CommonAuth\CommonAuth.csproj", "{5B166449-0E72-4722-BA2A-D89B6C38CD43}"
EndProject
Project("{FAE04EC0-301F-11D3-BF4B-00C04F79EFBC}") = "CommonWeb", "CommonWeb\CommonWeb.csproj", "{0451D05E-9FE4-4605-A68C-5A549B8BCDFE}"
EndProject
Global
	GlobalSection(SolutionConfigurationPlatforms) = preSolution
		Debug|Any CPU = Debug|Any CPU
		Release|Any CPU = Release|Any CPU
	EndGlobalSection
	GlobalSection(ProjectConfigurationPlatforms) = postSolution
		{A99585B4-F0B9-48AE-9A9E-26159876F2B9}.Debug|Any CPU.ActiveCfg = Debug|Any CPU
		{A99585B4-F0B9-48AE-9A9E-26159876F2B9}.Debug|Any CPU.Build.0 = Debug|Any CPU
		{A99585B4-F0B9-48AE-9A9E-26159876F2B9}.Release|Any CPU.ActiveCfg = Release|Any CPU
		{A99585B4-F0B9-48AE-9A9E-26159876F2B9}.Release|Any CPU.Build.0 = Release|Any CPU
		{5B166449-0E72-4722-BA2A-D89B6C38CD43}.Debug|Any CPU.ActiveCfg = Debug|Any CPU
		{5B166449-0E72-4722-BA2A-D89B6C38CD43}.Debug|Any CPU.Build.0 = Debug|Any CPU
		{5B166449-0E72-4722-BA2A-D89B6C38CD43}.Release|Any CPU.ActiveCfg = Release|Any CPU
		{5B166449-0E72-4722-BA2A-D89B6C38CD43}.Release|Any CPU.Build.0 = Release|Any CPU
		{0451D05E-9FE4-4605-A68C-5A549B8BCDFE}.Debug|Any CPU.ActiveCfg = Debug|Any CPU
		{0451D05E-9FE4-4605-A68C-5A549B8BCDFE}.Debug|Any CPU.Build.0 = Debug|Any CPU
		{0451D05E-9FE4-4605-A68C-5A549B8BCDFE}.Release|Any CPU.ActiveCfg = Release|Any CPU
		{0451D05E-9FE4-4605-A68C-5A549B8BCDFE}.Release|Any CPU.Build.0 = Release|Any CPU
	EndGlobalSection
	GlobalSection(SolutionProperties) = preSolution
		HideSolutionNode = FALSE
	EndGlobalSection
	GlobalSection(ExtensibilityGlobals) = postSolution
		SolutionGuid = {08778BD1-E404-47BB-9F1E-0C474EBE5484}
	EndGlobalSection
EndGlobal
