
Microsoft Visual Studio Solution File, Format Version 12.00
# Visual Studio Version 16
VisualStudioVersion = 16.0.29411.138
MinimumVisualStudioVersion = 10.0.40219.1
Project("{9A19103F-16F7-4668-BE54-9A1E7A4F7556}") = "BlazorAppTest.Server", "Server\BlazorAppTest.Server.csproj", "{26B2AD9D-DA2F-4A52-B4C0-6837BE51A1BF}"
EndProject
Project("{9A19103F-16F7-4668-BE54-9A1E7A4F7556}") = "BlazorAppTest.Client", "Client\BlazorAppTest.Client.csproj", "{23513893-2CEC-444C-B560-084ECF9A5EA7}"
EndProject
Project("{9A19103F-16F7-4668-BE54-9A1E7A4F7556}") = "BlazorAppTest.Shared", "Shared\BlazorAppTest.Shared.csproj", "{020795C5-F4A8-4256-9219-751FFCFE1315}"
EndProject
Global
	GlobalSection(SolutionConfigurationPlatforms) = preSolution
		Debug|Any CPU = Debug|Any CPU
		Release|Any CPU = Release|Any CPU
	EndGlobalSection
	GlobalSection(ProjectConfigurationPlatforms) = postSolution
		{26B2AD9D-DA2F-4A52-B4C0-6837BE51A1BF}.Debug|Any CPU.ActiveCfg = Debug|Any CPU
		{26B2AD9D-DA2F-4A52-B4C0-6837BE51A1BF}.Debug|Any CPU.Build.0 = Debug|Any CPU
		{26B2AD9D-DA2F-4A52-B4C0-6837BE51A1BF}.Release|Any CPU.ActiveCfg = Release|Any CPU
		{26B2AD9D-DA2F-4A52-B4C0-6837BE51A1BF}.Release|Any CPU.Build.0 = Release|Any CPU
		{23513893-2CEC-444C-B560-084ECF9A5EA7}.Debug|Any CPU.ActiveCfg = Debug|Any CPU
		{23513893-2CEC-444C-B560-084ECF9A5EA7}.Debug|Any CPU.Build.0 = Debug|Any CPU
		{23513893-2CEC-444C-B560-084ECF9A5EA7}.Release|Any CPU.ActiveCfg = Release|Any CPU
		{23513893-2CEC-444C-B560-084ECF9A5EA7}.Release|Any CPU.Build.0 = Release|Any CPU
		{020795C5-F4A8-4256-9219-751FFCFE1315}.Debug|Any CPU.ActiveCfg = Debug|Any CPU
		{020795C5-F4A8-4256-9219-751FFCFE1315}.Debug|Any CPU.Build.0 = Debug|Any CPU
		{020795C5-F4A8-4256-9219-751FFCFE1315}.Release|Any CPU.ActiveCfg = Release|Any CPU
		{020795C5-F4A8-4256-9219-751FFCFE1315}.Release|Any CPU.Build.0 = Release|Any CPU
	EndGlobalSection
	GlobalSection(SolutionProperties) = preSolution
		HideSolutionNode = FALSE
	EndGlobalSection
	GlobalSection(ExtensibilityGlobals) = postSolution
		SolutionGuid = {8BCD4109-B920-47EF-AC3F-3ED9A4FE42E2}
	EndGlobalSection
EndGlobal
